
Microsoft Visual Studio Solution File, Format Version 12.00
# Visual Studio Version 16
VisualStudioVersion = 16.0.31829.152
MinimumVisualStudioVersion = 10.0.40219.1
Project("{FAE04EC0-301F-11D3-BF4B-00C04F79EFBC}") = "Lab_12.1", "Lab_12.1\Lab_12.1.csproj", "{EFF5C236-6988-4726-A128-202B938D0BAD}"
EndProject
Global
	GlobalSection(SolutionConfigurationPlatforms) = preSolution
		Debug|Any CPU = Debug|Any CPU
		Release|Any CPU = Release|Any CPU
	EndGlobalSection
	GlobalSection(ProjectConfigurationPlatforms) = postSolution
		{EFF5C236-6988-4726-A128-202B938D0BAD}.Debug|Any CPU.ActiveCfg = Debug|Any CPU
		{EFF5C236-6988-4726-A128-202B938D0BAD}.Debug|Any CPU.Build.0 = Debug|Any CPU
		{EFF5C236-6988-4726-A128-202B938D0BAD}.Release|Any CPU.ActiveCfg = Release|Any CPU
		{EFF5C236-6988-4726-A128-202B938D0BAD}.Release|Any CPU.Build.0 = Release|Any CPU
	EndGlobalSection
	GlobalSection(SolutionProperties) = preSolution
		HideSolutionNode = FALSE
	EndGlobalSection
	GlobalSection(ExtensibilityGlobals) = postSolution
		SolutionGuid = {C12718B6-49EF-4B76-8903-095E96029E4A}
	EndGlobalSection
EndGlobal
