
Microsoft Visual Studio Solution File, Format Version 12.00
# Visual Studio Version 16
VisualStudioVersion = 16.0.31829.152
MinimumVisualStudioVersion = 10.0.40219.1
Project("{FAE04EC0-301F-11D3-BF4B-00C04F79EFBC}") = "Lab_13.1", "Lab_13.1\Lab_13.1.csproj", "{0D0500B0-7B35-4BF7-A309-E844F7FE4EE9}"
EndProject
Global
	GlobalSection(SolutionConfigurationPlatforms) = preSolution
		Debug|Any CPU = Debug|Any CPU
		Release|Any CPU = Release|Any CPU
	EndGlobalSection
	GlobalSection(ProjectConfigurationPlatforms) = postSolution
		{0D0500B0-7B35-4BF7-A309-E844F7FE4EE9}.Debug|Any CPU.ActiveCfg = Debug|Any CPU
		{0D0500B0-7B35-4BF7-A309-E844F7FE4EE9}.Debug|Any CPU.Build.0 = Debug|Any CPU
		{0D0500B0-7B35-4BF7-A309-E844F7FE4EE9}.Release|Any CPU.ActiveCfg = Release|Any CPU
		{0D0500B0-7B35-4BF7-A309-E844F7FE4EE9}.Release|Any CPU.Build.0 = Release|Any CPU
	EndGlobalSection
	GlobalSection(SolutionProperties) = preSolution
		HideSolutionNode = FALSE
	EndGlobalSection
	GlobalSection(ExtensibilityGlobals) = postSolution
		SolutionGuid = {A285AAB9-E9EE-42AA-8CA2-2AA335575CAF}
	EndGlobalSection
EndGlobal
