
Microsoft Visual Studio Solution File, Format Version 12.00
# Visual Studio Version 16
VisualStudioVersion = 16.0.31829.152
MinimumVisualStudioVersion = 10.0.40219.1
Project("{FAE04EC0-301F-11D3-BF4B-00C04F79EFBC}") = "Lab_2", "Lab_2\Lab_2.csproj", "{BB94F099-0A72-4438-9359-4B73220087D5}"
EndProject
Global
	GlobalSection(SolutionConfigurationPlatforms) = preSolution
		Debug|Any CPU = Debug|Any CPU
		Release|Any CPU = Release|Any CPU
	EndGlobalSection
	GlobalSection(ProjectConfigurationPlatforms) = postSolution
		{BB94F099-0A72-4438-9359-4B73220087D5}.Debug|Any CPU.ActiveCfg = Debug|Any CPU
		{BB94F099-0A72-4438-9359-4B73220087D5}.Debug|Any CPU.Build.0 = Debug|Any CPU
		{BB94F099-0A72-4438-9359-4B73220087D5}.Release|Any CPU.ActiveCfg = Release|Any CPU
		{BB94F099-0A72-4438-9359-4B73220087D5}.Release|Any CPU.Build.0 = Release|Any CPU
	EndGlobalSection
	GlobalSection(SolutionProperties) = preSolution
		HideSolutionNode = FALSE
	EndGlobalSection
	GlobalSection(ExtensibilityGlobals) = postSolution
		SolutionGuid = {67EEE5C6-C49D-4945-8606-9B137086B32A}
	EndGlobalSection
EndGlobal
