
Microsoft Visual Studio Solution File, Format Version 12.00
# Visual Studio Version 16
VisualStudioVersion = 16.0.31829.152
MinimumVisualStudioVersion = 10.0.40219.1
Project("{FAE04EC0-301F-11D3-BF4B-00C04F79EFBC}") = "Lab_6", "Lab_6\Lab_6.csproj", "{87D7E4AE-6BC6-4330-B35D-44D03ED6D4B1}"
EndProject
Global
	GlobalSection(SolutionConfigurationPlatforms) = preSolution
		Debug|Any CPU = Debug|Any CPU
		Release|Any CPU = Release|Any CPU
	EndGlobalSection
	GlobalSection(ProjectConfigurationPlatforms) = postSolution
		{87D7E4AE-6BC6-4330-B35D-44D03ED6D4B1}.Debug|Any CPU.ActiveCfg = Debug|Any CPU
		{87D7E4AE-6BC6-4330-B35D-44D03ED6D4B1}.Debug|Any CPU.Build.0 = Debug|Any CPU
		{87D7E4AE-6BC6-4330-B35D-44D03ED6D4B1}.Release|Any CPU.ActiveCfg = Release|Any CPU
		{87D7E4AE-6BC6-4330-B35D-44D03ED6D4B1}.Release|Any CPU.Build.0 = Release|Any CPU
	EndGlobalSection
	GlobalSection(SolutionProperties) = preSolution
		HideSolutionNode = FALSE
	EndGlobalSection
	GlobalSection(ExtensibilityGlobals) = postSolution
		SolutionGuid = {F66B082B-934C-4822-907C-6A71AE1712AC}
	EndGlobalSection
EndGlobal
